<?xml version="1.0" encoding="utf-8"?>
<Project ToolsVersion="4.0" xmlns="http://schemas.microsoft.com/developer/msbuild/2003">
  <ItemGroup>
    <Filter Include="Source Files">
      <UniqueIdentifier>{4FC737F1-C7A5-4376-A066-2A32D752A2FF}</UniqueIdentifier>
      <Extensions>cpp;c;cc;cxx;def;odl;idl;hpj;bat;asm;asmx</Extensions>
    </Filter>
    <Filter Include="Header Files">
      <UniqueIdentifier>{93995380-89BD-4b04-88EB-625FBE52EBFB}</UniqueIdentifier>
      <Extensions>h;hh;hpp;hxx;hm;inl;inc;xsd</Extensions>
    </Filter>
    <Filter Include="Resource Files">
      <UniqueIdentifier>{67DA6AB6-F800-4c08-8B7A-83BB121AAD01}</UniqueIdentifier>
      <Extensions>qrc;rc;ico;cur;bmp;dlg;rc2;rct;bin;rgs;gif;jpg;jpeg;jpe;resx;tiff;tif;png;wav;mfcribbon-ms</Extensions>
    </Filter>
    <Filter Include="Form Files">
      <UniqueIdentifier>{99349809-55BA-4b9d-BF79-8FDBB0286EB3}</UniqueIdentifier>
      <Extensions>ui</Extensions>
    </Filter>
    <Filter Include="Translation Files">
      <UniqueIdentifier>{639EADAA-A684-42e4-A9AD-28FC9BCB8F7C}</UniqueIdentifier>
      <Extensions>ts</Extensions>
    </Filter>
  </ItemGroup>
  <ItemGroup>
    <QtRcc Include="CGP.qrc">
      <Filter>Resource Files</Filter>
    </QtRcc>
  </ItemGroup>
  <ItemGroup>
    <ClCompile Include="main.cpp">
      <Filter>Source Files</Filter>
    </ClCompile>
    <ClCompile Include="initWindow.cpp">
      <Filter>Source Files</Filter>
    </ClCompile>
    <ClCompile Include="adminloginWindow.cpp">
      <Filter>Source Files</Filter>
    </ClCompile>
    <ClCompile Include="userloginWindow.cpp">
      <Filter>Source Files</Filter>
    </ClCompile>
    <ClCompile Include="globle.cpp">
      <Filter>Source Files</Filter>
    </ClCompile>
    <ClCompile Include="userPanel.cpp">
      <Filter>Source Files</Filter>
    </ClCompile>
    <ClCompile Include="adminPanel.cpp">
      <Filter>Source Files</Filter>
    </ClCompile>
    <ClCompile Include="signupWindow.cpp">
      <Filter>Source Files</Filter>
    </ClCompile>
    <ClCompile Include="userinfoWindow.cpp">
      <Filter>Source Files</Filter>
    </ClCompile>
    <ClCompile Include="gamerepoWindow.cpp">
      <Filter>Source Files</Filter>
    </ClCompile>
    <ClCompile Include="repomanageWindow.cpp">
      <Filter>Source Files</Filter>
    </ClCompile>
    <ClCompile Include="pubmanageWindow.cpp">
      <Filter>Source Files</Filter>
    </ClCompile>
    <ClCompile Include="recordWindow.cpp">
      <Filter>Source Files</Filter>
    </ClCompile>
    <ClCompile Include="servicerecordWindow.cpp">
      <Filter>Source Files</Filter>
    </ClCompile>
    <ClCompile Include="saPanel.cpp">
      <Filter>Source Files</Filter>
    </ClCompile>
    <ClCompile Include="usermanageWindow.cpp">
      <Filter>Source Files</Filter>
    </ClCompile>
    <ClCompile Include="adminmanageWindow.cpp">
      <Filter>Source Files</Filter>
    </ClCompile>
    <ClCompile Include="help.cpp">
      <Filter>Source Files</Filter>
    </ClCompile>
  </ItemGroup>
  <ItemGroup>
    <QtMoc Include="initWindow.h">
      <Filter>Header Files</Filter>
    </QtMoc>
    <QtMoc Include="adminloginWindow.h">
      <Filter>Header Files</Filter>
    </QtMoc>
    <QtMoc Include="userloginWindow.h">
      <Filter>Header Files</Filter>
    </QtMoc>
    <QtMoc Include="userPanel.h">
      <Filter>Header Files</Filter>
    </QtMoc>
    <QtMoc Include="adminPanel.h">
      <Filter>Header Files</Filter>
    </QtMoc>
    <QtMoc Include="signupWindow.h">
      <Filter>Header Files</Filter>
    </QtMoc>
    <QtMoc Include="userinfoWindow.h">
      <Filter>Header Files</Filter>
    </QtMoc>
    <QtMoc Include="gamerepoWindow.h">
      <Filter>Header Files</Filter>
    </QtMoc>
    <QtMoc Include="repomanageWindow.h">
      <Filter>Header Files</Filter>
    </QtMoc>
    <QtMoc Include="pubmanageWindow.h">
      <Filter>Header Files</Filter>
    </QtMoc>
    <QtMoc Include="recordWindow.h">
      <Filter>Header Files</Filter>
    </QtMoc>
    <QtMoc Include="servicerecordWindow.h">
      <Filter>Header Files</Filter>
    </QtMoc>
    <QtMoc Include="saPanel.h">
      <Filter>Header Files</Filter>
    </QtMoc>
    <QtMoc Include="usermanageWindow.h">
      <Filter>Header Files</Filter>
    </QtMoc>
    <QtMoc Include="adminmanageWindow.h">
      <Filter>Header Files</Filter>
    </QtMoc>
    <QtMoc Include="help.h">
      <Filter>Header Files</Filter>
    </QtMoc>
  </ItemGroup>
  <ItemGroup>
    <QtUic Include="initWindow.ui">
      <Filter>Form Files</Filter>
    </QtUic>
    <QtUic Include="adminloginWindow.ui">
      <Filter>Form Files</Filter>
    </QtUic>
    <QtUic Include="userloginWindow.ui">
      <Filter>Form Files</Filter>
    </QtUic>
    <QtUic Include="userPanel.ui">
      <Filter>Form Files</Filter>
    </QtUic>
    <QtUic Include="adminPanel.ui">
      <Filter>Form Files</Filter>
    </QtUic>
    <QtUic Include="signupWindow.ui">
      <Filter>Form Files</Filter>
    </QtUic>
    <QtUic Include="userinfoWindow.ui">
      <Filter>Form Files</Filter>
    </QtUic>
    <QtUic Include="gamerepoWindow.ui">
      <Filter>Form Files</Filter>
    </QtUic>
    <QtUic Include="repomanageWindow.ui">
      <Filter>Form Files</Filter>
    </QtUic>
    <QtUic Include="pubmanageWindow.ui">
      <Filter>Form Files</Filter>
    </QtUic>
    <QtUic Include="recordWindow.ui">
      <Filter>Form Files</Filter>
    </QtUic>
    <QtUic Include="servicerecordWindow.ui">
      <Filter>Form Files</Filter>
    </QtUic>
    <QtUic Include="saPanel.ui">
      <Filter>Form Files</Filter>
    </QtUic>
    <QtUic Include="usermanageWindow.ui">
      <Filter>Form Files</Filter>
    </QtUic>
    <QtUic Include="adminmanageWindow.ui">
      <Filter>Form Files</Filter>
    </QtUic>
    <QtUic Include="help.ui">
      <Filter>Form Files</Filter>
    </QtUic>
  </ItemGroup>
  <ItemGroup>
    <ClInclude Include="globle.h">
      <Filter>Header Files</Filter>
    </ClInclude>
  </ItemGroup>
</Project>